<?xml version="1.0" encoding="utf-8"?>
<Project ToolsVersion="4.0" xmlns="http://schemas.microsoft.com/developer/msbuild/2003">
  <ItemGroup>
    <Filter Include="Source Files">
      <UniqueIdentifier>{4FC737F1-C7A5-4376-A066-2A32D752A2FF}</UniqueIdentifier>
      <Extensions>cpp;c;cc;cxx;def;odl;idl;hpj;bat;asm;asmx</Extensions>
    </Filter>
    <Filter Include="Header Files">
      <UniqueIdentifier>{93995380-89BD-4b04-88EB-625FBE52EBFB}</UniqueIdentifier>
      <Extensions>h;hh;hpp;hxx;hm;inl;inc;xsd</Extensions>
    </Filter>
    <Filter Include="Resource Files">
      <UniqueIdentifier>{67DA6AB6-F800-4c08-8B7A-83BB121AAD01}</UniqueIdentifier>
      <Extensions>rc;ico;cur;bmp;dlg;rc2;rct;bin;rgs;gif;jpg;jpeg;jpe;resx;tiff;tif;png;wav;mfcribbon-ms</Extensions>
    </Filter>
    <Filter Include="Form Files">
      <UniqueIdentifier>{99349809-55BA-4b9d-BF79-8FDBB0286EB3}</UniqueIdentifier>
      <Extensions>ui</Extensions>
    </Filter>
    <Filter Include="Resource Files">
      <UniqueIdentifier>{D9D6E242-F8AF-46E4-B9FD-80ECBC20BA3E}</UniqueIdentifier>
      <Extensions>qrc;*</Extensions>
      <ParseFiles>false</ParseFiles>
    </Filter>
  </ItemGroup>
  <ItemGroup>
    <ClCompile Include="main.cpp">
      <Filter>Source Files</Filter>
    </ClCompile>
    <ClCompile Include="3rd_Party\qcustomplot\qcustomplot.cpp">
      <Filter>Source Files</Filter>
    </ClCompile>
    <ClCompile Include="Source\AnalogInput\AiSystem.cpp">
      <Filter>Source Files</Filter>
    </ClCompile>
    <ClCompile Include="Source\AnalogInput\AiUnits.cpp">
      <Filter>Source Files</Filter>
    </ClCompile>
    <ClCompile Include="Source\AnalogInput\CalibrationManager.cpp">
      <Filter>Source Files</Filter>
    </ClCompile>
    <ClCompile Include="Source\AnalogInput\CalibrationThreadWorker.cpp">
      <Filter>Source Files</Filter>
    </ClCompile>
    <ClCompile Include="Source\AnalogOutput\AnalogOutput.cpp">
      <Filter>Source Files</Filter>
    </ClCompile>
    <ClCompile Include="Source\AnalogOutput\AoCore.cpp">
      <Filter>Source Files</Filter>
    </ClCompile>
    <ClCompile Include="Source\AnalogOutput\AoSystem.cpp">
      <Filter>Source Files</Filter>
    </ClCompile>
    <ClCompile Include="Source\Andor\AndorCameraCore.cpp">
      <Filter>Source Files</Filter>
    </ClCompile>
    <ClCompile Include="Source\Andor\AndorCameraSettingsControl.cpp">
      <Filter>Source Files</Filter>
    </ClCompile>
    <ClCompile Include="Source\Andor\AndorCameraThreadWorker.cpp">
      <Filter>Source Files</Filter>
    </ClCompile>
    <ClCompile Include="Source\Andor\AndorFlume.cpp">
      <Filter>Source Files</Filter>
    </ClCompile>
    <ClCompile Include="Source\Andor\AndorRunMode.cpp">
      <Filter>Source Files</Filter>
    </ClCompile>
    <ClCompile Include="Source\Andor\AndorRunSettings.cpp">
      <Filter>Source Files</Filter>
    </ClCompile>
    <ClCompile Include="Source\Andor\AndorTriggerModes.cpp">
      <Filter>Source Files</Filter>
    </ClCompile>
    <ClCompile Include="Source\Andor\CameraCalibration.cpp">
      <Filter>Source Files</Filter>
    </ClCompile>
    <ClCompile Include="Source\Andor\CameraImageDimensions.cpp">
      <Filter>Source Files</Filter>
    </ClCompile>
    <ClCompile Include="Source\Andor\PictureSettingsControl.cpp">
      <Filter>Source Files</Filter>
    </ClCompile>
    <ClCompile Include="Source\ArbGen\AgilentCore.cpp">
      <Filter>Source Files</Filter>
    </ClCompile>
    <ClCompile Include="Source\ArbGen\ArbGenChannelMode.cpp">
      <Filter>Source Files</Filter>
    </ClCompile>
    <ClCompile Include="Source\ArbGen\ArbGenCore.cpp">
      <Filter>Source Files</Filter>
    </ClCompile>
    <ClCompile Include="Source\ArbGen\ArbGenSystem.cpp">
      <Filter>Source Files</Filter>
    </ClCompile>
    <ClCompile Include="Source\ArbGen\ScriptedArbGenWaveform.cpp">
      <Filter>Source Files</Filter>
    </ClCompile>
    <ClCompile Include="Source\ArbGen\Segment.cpp">
      <Filter>Source Files</Filter>
    </ClCompile>
    <ClCompile Include="Source\ArbGen\SegmentEnd.cpp">
      <Filter>Source Files</Filter>
    </ClCompile>
    <ClCompile Include="Source\ArbGen\SiglentCore.cpp">
      <Filter>Source Files</Filter>
    </ClCompile>
    <ClCompile Include="Source\ArbGen\whichAg.cpp">
      <Filter>Source Files</Filter>
    </ClCompile>
    <ClCompile Include="Source\ConfigurationSystems\ConfigStream.cpp">
      <Filter>Source Files</Filter>
    </ClCompile>
    <ClCompile Include="Source\ConfigurationSystems\ConfigSystem.cpp">
      <Filter>Source Files</Filter>
    </ClCompile>
    <ClCompile Include="Source\ConfigurationSystems\MasterConfiguration.cpp">
      <Filter>Source Files</Filter>
    </ClCompile>
    <ClCompile Include="Source\ConfigurationSystems\NoteSystem.cpp">
      <Filter>Source Files</Filter>
    </ClCompile>
    <ClCompile Include="Source\ConfigurationSystems\ProfileIndicator.cpp">
      <Filter>Source Files</Filter>
    </ClCompile>
    <ClCompile Include="Source\ConfigurationSystems\profileSettings.cpp">
      <Filter>Source Files</Filter>
    </ClCompile>
    <ClCompile Include="Source\CustomQtControls\AutoNotifyCtrls.cpp">
      <Filter>Source Files</Filter>
    </ClCompile>
    <ClCompile Include="Source\CustomQtControls\functionCombo.cpp">
      <Filter>Source Files</Filter>
    </ClCompile>
    <ClCompile Include="Source\CustomQtControls\LongQSlider.cpp">
      <Filter>Source Files</Filter>
    </ClCompile>
    <ClCompile Include="Source\DataLogging\DataLogger.cpp">
      <Filter>Source Files</Filter>
    </ClCompile>
    <ClCompile Include="Source\DigitalOutput\DigitalOutput.cpp">
      <Filter>Source Files</Filter>
    </ClCompile>
    <ClCompile Include="Source\DigitalOutput\DoCore.cpp">
      <Filter>Source Files</Filter>
    </ClCompile>
    <ClCompile Include="Source\DigitalOutput\DoSystem.cpp">
      <Filter>Source Files</Filter>
    </ClCompile>
    <ClCompile Include="Source\DirectDigitalSynthesis\DdsCore.cpp">
      <Filter>Source Files</Filter>
    </ClCompile>
    <ClCompile Include="Source\DirectDigitalSynthesis\DdsOutput.cpp">
      <Filter>Source Files</Filter>
    </ClCompile>
    <ClCompile Include="Source\DirectDigitalSynthesis\DdsSystem.cpp">
      <Filter>Source Files</Filter>
    </ClCompile>
    <ClCompile Include="Source\DirectDigitalSynthesis\DdsSystemStructures.cpp">
      <Filter>Source Files</Filter>
    </ClCompile>
    <ClCompile Include="Source\ExcessDialogs\AoSettingsDialog.cpp">
      <Filter>Source Files</Filter>
    </ClCompile>
    <ClCompile Include="Source\ExcessDialogs\DdsSettingsDialog.cpp">
      <Filter>Source Files</Filter>
    </ClCompile>
    <ClCompile Include="Source\ExcessDialogs\doChannelInfoDialog.cpp">
      <Filter>Source Files</Filter>
    </ClCompile>
    <ClCompile Include="Source\ExcessDialogs\OlSettingsDialog.cpp">
      <Filter>Source Files</Filter>
    </ClCompile>
    <ClCompile Include="Source\ExcessDialogs\openWithExplorer.cpp">
      <Filter>Source Files</Filter>
    </ClCompile>
    <ClCompile Include="Source\ExcessDialogs\saveWithExplorer.cpp">
      <Filter>Source Files</Filter>
    </ClCompile>
    <ClCompile Include="Source\ExperimentMonitoringAndStatus\AlertSystem.cpp">
      <Filter>Source Files</Filter>
    </ClCompile>
    <ClCompile Include="Source\ExperimentMonitoringAndStatus\ColorBox.cpp">
      <Filter>Source Files</Filter>
    </ClCompile>
    <ClCompile Include="Source\ExperimentMonitoringAndStatus\ExperimentTimer.cpp">
      <Filter>Source Files</Filter>
    </ClCompile>
    <ClCompile Include="Source\ExperimentMonitoringAndStatus\StatusControl.cpp">
      <Filter>Source Files</Filter>
    </ClCompile>
    <ClCompile Include="Source\ExperimentMonitoringAndStatus\StatusIndicator.cpp">
      <Filter>Source Files</Filter>
    </ClCompile>
    <ClCompile Include="Source\ExperimentThread\ExperimentThreadInput.cpp">
      <Filter>Source Files</Filter>
    </ClCompile>
    <ClCompile Include="Source\ExperimentThread\ExpThreadWorker.cpp">
      <Filter>Source Files</Filter>
    </ClCompile>
    <ClCompile Include="Source\GeneralFlumes\ftdiFlume.cpp">
      <Filter>Source Files</Filter>
    </ClCompile>
    <ClCompile Include="Source\GeneralFlumes\QtSerialFlume.cpp">
      <Filter>Source Files</Filter>
    </ClCompile>
    <ClCompile Include="Source\GeneralFlumes\VisaFlume.cpp">
      <Filter>Source Files</Filter>
    </ClCompile>
    <ClCompile Include="Source\GeneralImaging\ImageLabel.cpp">
      <Filter>Source Files</Filter>
    </ClCompile>
    <ClCompile Include="Source\GeneralImaging\PictureControl.cpp">
      <Filter>Source Files</Filter>
    </ClCompile>
    <ClCompile Include="Source\GeneralImaging\PictureManager.cpp">
      <Filter>Source Files</Filter>
    </ClCompile>
    <ClCompile Include="Source\GeneralImaging\PictureStats.cpp">
      <Filter>Source Files</Filter>
    </ClCompile>
    <ClCompile Include="Source\GeneralObjects\ChimeraStyleSheets.cpp">
      <Filter>Source Files</Filter>
    </ClCompile>
    <ClCompile Include="Source\GeneralObjects\CodeTimer.cpp">
      <Filter>Source Files</Filter>
    </ClCompile>
    <ClCompile Include="Source\GeneralObjects\IChimeraSystem.cpp">
      <Filter>Source Files</Filter>
    </ClCompile>
    <ClCompile Include="Source\GeneralObjects\IDeviceCore.cpp">
      <Filter>Source Files</Filter>
    </ClCompile>
    <ClCompile Include="Source\GeneralUtilityFunctions\cleanString.cpp">
      <Filter>Source Files</Filter>
    </ClCompile>
    <ClCompile Include="Source\GeneralUtilityFunctions\commonFunctions.cpp">
      <Filter>Source Files</Filter>
    </ClCompile>
    <ClCompile Include="Source\GeneralUtilityFunctions\miscCommonFunctions.cpp">
      <Filter>Source Files</Filter>
    </ClCompile>
    <ClCompile Include="Source\GeneralUtilityFunctions\my_str.cpp">
      <Filter>Source Files</Filter>
    </ClCompile>
    <ClCompile Include="Source\GeneralUtilityFunctions\range.cpp">
      <Filter>Source Files</Filter>
    </ClCompile>
    <ClCompile Include="Source\LowLevel\stdafx.cpp">
      <Filter>Source Files</Filter>
    </ClCompile>
    <ClCompile Include="Source\MiscellaneousExperimentOptions\DebugOptionsControl.cpp">
      <Filter>Source Files</Filter>
    </ClCompile>
    <ClCompile Include="Source\MiscellaneousExperimentOptions\MainOptionsControl.cpp">
      <Filter>Source Files</Filter>
    </ClCompile>
    <ClCompile Include="Source\MiscellaneousExperimentOptions\Repetitions.cpp">
      <Filter>Source Files</Filter>
    </ClCompile>
    <ClCompile Include="Source\OffsetLock\OffsetLockOutput.cpp">
      <Filter>Source Files</Filter>
    </ClCompile>
    <ClCompile Include="Source\OffsetLock\OlCore.cpp">
      <Filter>Source Files</Filter>
    </ClCompile>
    <ClCompile Include="Source\OffsetLock\OlSystem.cpp">
      <Filter>Source Files</Filter>
    </ClCompile>
    <ClCompile Include="Source\ParameterSystem\Expression.cpp">
      <Filter>Source Files</Filter>
    </ClCompile>
    <ClCompile Include="Source\ParameterSystem\ParameterModel.cpp">
      <Filter>Source Files</Filter>
    </ClCompile>
    <ClCompile Include="Source\ParameterSystem\ParameterSystem.cpp">
      <Filter>Source Files</Filter>
    </ClCompile>
    <ClCompile Include="Source\Plotting\PlotCtrl.cpp">
      <Filter>Source Files</Filter>
    </ClCompile>
    <ClCompile Include="Source\Plotting\PlotDataSet.cpp">
      <Filter>Source Files</Filter>
    </ClCompile>
    <ClCompile Include="Source\Plotting\PlottingInfo.cpp">
      <Filter>Source Files</Filter>
    </ClCompile>
    <ClCompile Include="Source\Plotting\QCustomPlotCtrl.cpp">
      <Filter>Source Files</Filter>
    </ClCompile>
    <ClCompile Include="Source\PrimaryWindows\IChimeraQtWindow.cpp">
      <Filter>Source Files</Filter>
    </ClCompile>
    <ClCompile Include="Source\PrimaryWindows\QtAndorWindow.cpp">
      <Filter>Source Files</Filter>
    </ClCompile>
    <ClCompile Include="Source\PrimaryWindows\QtAuxiliaryWindow.cpp">
      <Filter>Source Files</Filter>
    </ClCompile>
    <ClCompile Include="Source\PrimaryWindows\QtMainWindow.cpp">
      <Filter>Source Files</Filter>
    </ClCompile>
    <ClCompile Include="Source\PrimaryWindows\QtScriptWindow.cpp">
      <Filter>Source Files</Filter>
    </ClCompile>
    <ClCompile Include="Source\Python\NewPythonHandler.cpp">
      <Filter>Source Files</Filter>
    </ClCompile>
    <ClCompile Include="Source\RealTimeDataAnalysis\AnalysisThreadWorker.cpp">
      <Filter>Source Files</Filter>
    </ClCompile>
    <ClCompile Include="Source\Rearrangement\AtomCruncherWorker.cpp">
      <Filter>Source Files</Filter>
    </ClCompile>
    <ClCompile Include="Source\RealTimeDataAnalysis\DataAnalysisControl.cpp">
      <Filter>Source Files</Filter>
    </ClCompile>
    <ClCompile Include="Source\RealTimeDataAnalysis\MachineOptimizer.cpp">
      <Filter>Source Files</Filter>
    </ClCompile>
    <ClCompile Include="Source\RealTimeDataAnalysis\PlotDesignerDialog.cpp">
      <Filter>Source Files</Filter>
    </ClCompile>
    <ClCompile Include="Source\RealTimeDataAnalysis\QtPlotDesignerDlg.cpp">
      <Filter>Source Files</Filter>
    </ClCompile>
    <ClCompile Include="Source\CustomQtControls\CQCodeEdit.cpp">
      <Filter>Source Files</Filter>
    </ClCompile>
    <ClCompile Include="Source\Scripts\Script.cpp">
      <Filter>Source Files</Filter>
    </ClCompile>
    <ClCompile Include="Source\Scripts\ScriptStream.cpp">
      <Filter>Source Files</Filter>
    </ClCompile>
    <ClCompile Include="Source\Scripts\SyntaxHighlighter.cpp">
      <Filter>Source Files</Filter>
    </ClCompile>
    <ClCompile Include="Source\ZynqTCP\ZynqTCP.cpp">
      <Filter>Source Files</Filter>
    </ClCompile>
    <ClCompile Include="Source\GeneralFlumes\QtSocketFlume.cpp">
      <Filter>Source Files</Filter>
    </ClCompile>
    <ClCompile Include="Source\AnalogInput\AiSettings.cpp">
      <Filter>Source Files</Filter>
    </ClCompile>
    <ClCompile Include="Source\AnalogInput\AiCore.cpp">
      <Filter>Source Files</Filter>
    </ClCompile>
    <ClCompile Include="Source\GeneralFlumes\WinSockFlume.cpp">
      <Filter>Source Files</Filter>
    </ClCompile>
    <ClCompile Include="Source\AnalogInput\PolynomialFit.cpp">
      <Filter>Source Files</Filter>
    </ClCompile>
    <ClCompile Include="Source\AnalogInput\BSplineFit.cpp">
      <Filter>Source Files</Filter>
    </ClCompile>
    <ClCompile Include="Source\PrimaryWindows\QtMakoWindow.cpp">
      <Filter>Source Files</Filter>
    </ClCompile>
    <ClCompile Include="Source\GeneralImaging\csvReader.cpp">
      <Filter>Source Files</Filter>
    </ClCompile>
    <ClCompile Include="Source\GeneralImaging\PictureViewer.cpp">
      <Filter>Source Files</Filter>
    </ClCompile>
    <ClCompile Include="Source\CustomQtControls\LineEditCompleter.cpp">
      <Filter>Source Files</Filter>
    </ClCompile>
    <ClCompile Include="Source\CustomQtControls\RangeSlider.cpp">
      <Filter>Source Files</Filter>
    </ClCompile>
    <ClCompile Include="Source\CustomQtControls\TickSlider.cpp">
      <Filter>Source Files</Filter>
    </ClCompile>
    <ClCompile Include="Source\CMOSCamera\CMOSSetting.cpp">
      <Filter>Source Files</Filter>
    </ClCompile>
    <ClCompile Include="Source\CMOSCamera\FrameObserver.cpp">
      <Filter>Source Files</Filter>
    </ClCompile>
    <ClCompile Include="Source\CMOSCamera\GaussianFit.cpp">
      <Filter>Source Files</Filter>
    </ClCompile>
    <ClCompile Include="Source\CMOSCamera\Helper.cpp">
      <Filter>Source Files</Filter>
    </ClCompile>
    <ClCompile Include="Source\CMOSCamera\ImageCalculatingThread.cpp">
      <Filter>Source Files</Filter>
    </ClCompile>
    <ClCompile Include="Source\CMOSCamera\ImageProcessingThread.cpp">
      <Filter>Source Files</Filter>
    </ClCompile>
    <ClCompile Include="Source\CMOSCamera\MakoCamera.cpp">
      <Filter>Source Files</Filter>
    </ClCompile>
    <ClCompile Include="Source\CMOSCamera\MakoCameraCore.cpp">
      <Filter>Source Files</Filter>
    </ClCompile>
    <ClCompile Include="Source\CMOSCamera\MakoWrapper.cpp">
      <Filter>Source Files</Filter>
    </ClCompile>
    <ClCompile Include="Source\CMOSCamera\MakoSettingControl.cpp">
      <Filter>Source Files</Filter>
    </ClCompile>
    <ClCompile Include="Source\RealTimeMOTAnalysis\MOTAnalysisThreadWoker.cpp">
      <Filter>Source Files</Filter>
    </ClCompile>
    <ClCompile Include="Source\RealTimeMOTAnalysis\MOTAnalysisControl.cpp">
      <Filter>Source Files</Filter>
    </ClCompile>
    <ClCompile Include="Source\PrimaryWindows\QtAnalysisWindow.cpp">
      <Filter>Source Files</Filter>
    </ClCompile>
    <ClCompile Include="Source\RealTimeMOTAnalysis\MOTAnalysisType.cpp">
      <Filter>Source Files</Filter>
    </ClCompile>
    <ClCompile Include="Source\RealTimeMOTAnalysis\MOTAnalysisSystem.cpp">
      <Filter>Source Files</Filter>
    </ClCompile>
    <ClCompile Include="Source\ExperimentMonitoringAndStatus\ExperimentSeqPlotter.cpp">
      <Filter>Source Files</Filter>
    </ClCompile>
    <ClCompile Include="Source\GigaMOOG\GigaMoogSystem.cpp">
      <Filter>Source Files</Filter>
    </ClCompile>
    <ClCompile Include="Source\GeneralFlumes\BoostAsyncSerial.cpp">
      <Filter>Source Files</Filter>
    </ClCompile>
    <ClCompile Include="Source\GigaMOOG\MessagePrinter.cpp">
      <Filter>Source Files</Filter>
    </ClCompile>
    <ClCompile Include="Source\GigaMOOG\MessageSender.cpp">
      <Filter>Source Files</Filter>
    </ClCompile>
    <ClCompile Include="Source\GigaMOOG\GigaMoogCore.cpp">
      <Filter>Source Files</Filter>
    </ClCompile>
    <ClCompile Include="Source\ExperimentMonitoringAndStatus\TemperatureMonitor.cpp">
      <Filter>Source Files</Filter>
    </ClCompile>
    <ClCompile Include="Source\CMOSCamera\FrameAverager.cpp">
      <Filter>Source Files</Filter>
    </ClCompile>
    <ClCompile Include="Source\ExperimentMonitoringAndStatus\StatusOptionsWindow.cpp">
      <Filter>Source Files</Filter>
    </ClCompile>
    <ClCompile Include="Source\Andor\AndorGainMode.cpp">
      <Filter>Source Files</Filter>
    </ClCompile>
    <ClCompile Include="Source\Andor\AndorBinningMode.cpp">
      <Filter>Source Files</Filter>
    </ClCompile>
    <ClCompile Include="Source\ExcessDialogs\AiSettingsDialog.cpp">
      <Filter>Source Files</Filter>
    </ClCompile>
    <ClCompile Include="Source\AnalogInput\AiOutput.cpp">
      <Filter>Source Files</Filter>
    </ClCompile>
    <ClCompile Include="Source\MiscellaneousExperimentOptions\InExpCalControl.cpp">
      <Filter>Source Files</Filter>
    </ClCompile>
    <ClCompile Include="Source\ExperimentMonitoringAndStatus\InfluxTypes.cpp">
      <Filter>Source Files</Filter>
    </ClCompile>
    <ClCompile Include="Source\ExperimentThread\repeatManager.cpp">
      <Filter>Source Files</Filter>
    </ClCompile>
    <ClCompile Include="Source\RealTimeDataAnalysis\atomGrid.cpp">
      <Filter>Source Files</Filter>
    </ClCompile>
    <ClCompile Include="Source\Microwave\MicrowaveCore.cpp">
      <Filter>Source Files</Filter>
    </ClCompile>
    <ClCompile Include="Source\Microwave\MicrowaveSystem.cpp">
      <Filter>Source Files</Filter>
    </ClCompile>
    <ClCompile Include="Source\Microwave\WindFreakFlume.cpp">
      <Filter>Source Files</Filter>
    </ClCompile>
    <ClCompile Include="Source\GeneralFlumes\WinSerialFlume.cpp">
      <Filter>Source Files</Filter>
    </ClCompile>
    <ClCompile Include="Source\PicoScrew\PicoScrewSystem.cpp">
      <Filter>Source Files</Filter>
    </ClCompile>
    <ClCompile Include="Source\PicoScrew\PicoScrewCore.cpp">
      <Filter>Source Files</Filter>
    </ClCompile>
    <ClCompile Include="Source\PicoScrew\PicoScrewFlume.cpp">
      <Filter>Source Files</Filter>
    </ClCompile>
    <ClCompile Include="Source\GeneralFlumes\BoostUDP.cpp">
      <Filter>Source Files</Filter>
    </ClCompile>
    <ClCompile Include="Source\Python\cnpy.cpp">
      <Filter>Source Files</Filter>
    </ClCompile>
    <ClCompile Include="Source\Andor\AndorCameraThreadImageGrabber.cpp">
      <Filter>Source Files</Filter>
    </ClCompile>
    <ClCompile Include="Source\GigaMOOG\DynamicMoveManager.cpp">
      <Filter>Source Files</Filter>
    </ClCompile>
    <ClCompile Include="Source\Rearrangement\rearrangeLUT.cpp">
      <Filter>Source Files</Filter>
    </ClCompile>
    <ClCompile Include="Source\GigaMOOG\MemoryController.cpp">
      <Filter>Source Files</Filter>
    </ClCompile>
    <ClCompile Include="Source\Rearrangement\RearrangeGenerator.cpp">
      <Filter>Source Files</Filter>
    </ClCompile>
    <ClCompile Include="Source\PicoScrew\NewportUSB.cpp">
      <Filter>Source Files</Filter>
    </ClCompile>
    <ClCompile Include="Source\GeneralFlumes\BoostAsyncTCPServer.cpp">
      <Filter>Source Files</Filter>
    </ClCompile>
    <ClCompile Include="Source\ExternalController\TCPServerSystem.cpp">
      <Filter>Source Files</Filter>
    </ClCompile>
    <ClCompile Include="Source\ExternalController\MessageConsumer.cpp">
      <Filter>Source Files</Filter>
    </ClCompile>
    <ClCompile Include="Source\ExternalController\MessageDisplay.cpp">
      <Filter>Source Files</Filter>
    </ClCompile>
    <ClCompile Include="Source\ExternalController\CommandModulator.cpp">
      <Filter>Source Files</Filter>
    </ClCompile>
    <ClCompile Include="Source\StaticAnalogOutput\StaticAoCore.cpp">
      <Filter>Source Files</Filter>
    </ClCompile>
    <ClCompile Include="Source\GeneralFlumes\BoostSyncTCP.cpp">
      <Filter>Source Files</Filter>
    </ClCompile>
    <ClCompile Include="Source\StaticAnalogOutput\StaticAoSystem.cpp">
      <Filter>Source Files</Filter>
    </ClCompile>
    <ClCompile Include="Source\GeneralFlumes\BoostSyncUDP.cpp">
      <Filter>Source Files</Filter>
    </ClCompile>
    <ClCompile Include="Source\StaticDirectDigitalSynthesis\StaticDdsCore.cpp">
      <Filter>Source Files</Filter>
    </ClCompile>
    <ClCompile Include="Source\GeneralFlumes\BoostSyncSerial.cpp">
      <Filter>Source Files</Filter>
    </ClCompile>
    <ClCompile Include="Source\StaticDirectDigitalSynthesis\StaticDDSFlume.cpp">
      <Filter>Source Files</Filter>
    </ClCompile>
    <ClCompile Include="Source\StaticDirectDigitalSynthesis\StaticDdsSystem.cpp">
      <Filter>Source Files</Filter>
    </ClCompile>
  </ItemGroup>
  <ItemGroup>
    <QtMoc Include="3rd_Party\qcustomplot\qcustomplot.h">
      <Filter>Header Files</Filter>
    </QtMoc>
    <QtMoc Include="Source\AnalogInput\CalibrationThreadWorker.h">
      <Filter>Header Files</Filter>
    </QtMoc>
    <QtMoc Include="Source\Andor\AndorCameraThreadWorker.h">
      <Filter>Header Files</Filter>
    </QtMoc>
    <QtMoc Include="Source\ConfigurationSystems\ConfigSystem.h">
      <Filter>Header Files</Filter>
    </QtMoc>
    <QtMoc Include="Source\ConfigurationSystems\NoteSystem.h">
      <Filter>Header Files</Filter>
    </QtMoc>
    <QtMoc Include="Source\ConfigurationSystems\ProfileIndicator.h">
      <Filter>Header Files</Filter>
    </QtMoc>
    <QtMoc Include="Source\DigitalOutput\DoSystem.h">
      <Filter>Header Files</Filter>
    </QtMoc>
    <QtMoc Include="Source\ExcessDialogs\AoSettingsDialog.h">
      <Filter>Header Files</Filter>
    </QtMoc>
    <QtMoc Include="Source\ExcessDialogs\DdsSettingsDialog.h">
      <Filter>Header Files</Filter>
    </QtMoc>
    <QtMoc Include="Source\ExcessDialogs\doChannelInfoDialog.h">
      <Filter>Header Files</Filter>
    </QtMoc>
    <QtMoc Include="Source\ExcessDialogs\OlSettingsDialog.h">
      <Filter>Header Files</Filter>
    </QtMoc>
    <QtMoc Include="Source\ExperimentMonitoringAndStatus\ColorBox.h">
      <Filter>Header Files</Filter>
    </QtMoc>
    <QtMoc Include="Source\ExperimentMonitoringAndStatus\StatusControl.h">
      <Filter>Header Files</Filter>
    </QtMoc>
    <QtMoc Include="Source\ExperimentThread\ExpThreadWorker.h">
      <Filter>Header Files</Filter>
    </QtMoc>
    <QtMoc Include="Source\GeneralImaging\ImageLabel.h">
      <Filter>Header Files</Filter>
    </QtMoc>
    <QtMoc Include="Source\GeneralImaging\PictureControl.h">
      <Filter>Header Files</Filter>
    </QtMoc>
    <QtMoc Include="Source\GeneralObjects\IChimeraSystem.h">
      <Filter>Header Files</Filter>
    </QtMoc>
    <QtMoc Include="Source\MiscellaneousExperimentOptions\DebugOptionsControl.h">
      <Filter>Header Files</Filter>
    </QtMoc>
    <QtMoc Include="Source\MiscellaneousExperimentOptions\MainOptionsControl.h">
      <Filter>Header Files</Filter>
    </QtMoc>
    <QtMoc Include="Source\MiscellaneousExperimentOptions\Repetitions.h">
      <Filter>Header Files</Filter>
    </QtMoc>
    <QtMoc Include="Source\ParameterSystem\ParameterModel.h">
      <Filter>Header Files</Filter>
    </QtMoc>
    <QtMoc Include="Source\ParameterSystem\ParameterSystem.h">
      <Filter>Header Files</Filter>
    </QtMoc>
    <QtMoc Include="Source\Plotting\PlotCtrl.h">
      <Filter>Header Files</Filter>
    </QtMoc>
    <QtMoc Include="Source\Plotting\QCustomPlotCtrl.h">
      <Filter>Header Files</Filter>
    </QtMoc>
    <QtMoc Include="Source\PrimaryWindows\IChimeraQtWindow.h">
      <Filter>Header Files</Filter>
    </QtMoc>
    <QtMoc Include="Source\PrimaryWindows\QtAndorWindow.h">
      <Filter>Header Files</Filter>
    </QtMoc>
    <QtMoc Include="Source\PrimaryWindows\QtAuxiliaryWindow.h">
      <Filter>Header Files</Filter>
    </QtMoc>
    <QtMoc Include="Source\PrimaryWindows\QtMainWindow.h">
      <Filter>Header Files</Filter>
    </QtMoc>
    <QtMoc Include="Source\PrimaryWindows\QtScriptWindow.h">
      <Filter>Header Files</Filter>
    </QtMoc>
    <QtMoc Include="Source\RealTimeDataAnalysis\AnalysisThreadWorker.h">
      <Filter>Header Files</Filter>
    </QtMoc>
    <QtMoc Include="Source\Rearrangement\AtomCruncherWorker.h">
      <Filter>Header Files</Filter>
    </QtMoc>
    <QtMoc Include="Source\RealTimeDataAnalysis\MachineOptimizer.h">
      <Filter>Header Files</Filter>
    </QtMoc>
    <QtMoc Include="Source\RealTimeDataAnalysis\QtPlotDesignerDlg.h">
      <Filter>Header Files</Filter>
    </QtMoc>
    <QtMoc Include="Source\CustomQtControls\CQCodeEdit.h">
      <Filter>Header Files</Filter>
    </QtMoc>
    <QtMoc Include="Source\Scripts\Script.h">
      <Filter>Header Files</Filter>
    </QtMoc>
    <QtMoc Include="Source\Scripts\SyntaxHighlighter.h">
      <Filter>Header Files</Filter>
    </QtMoc>
    <QtMoc Include="Source\PrimaryWindows\QtMakoWindow.h">
      <Filter>Header Files</Filter>
    </QtMoc>
    <QtMoc Include="Source\GeneralImaging\PictureViewer.h">
      <Filter>Header Files</Filter>
    </QtMoc>
    <QtMoc Include="Source\CustomQtControls\LineEditCompleter.h">
      <Filter>Header Files</Filter>
    </QtMoc>
    <QtMoc Include="Source\CustomQtControls\RangeSlider.h">
      <Filter>Header Files</Filter>
    </QtMoc>
    <QtMoc Include="Source\CustomQtControls\TickSlider.h">
      <Filter>Header Files</Filter>
    </QtMoc>
    <QtMoc Include="Source\CMOSCamera\FrameObserver.h">
      <Filter>Header Files</Filter>
    </QtMoc>
    <QtMoc Include="Source\CMOSCamera\ImageCalculatingThread.h">
      <Filter>Header Files</Filter>
    </QtMoc>
    <QtMoc Include="Source\CMOSCamera\MakoSettingControl.h">
      <Filter>Header Files</Filter>
    </QtMoc>
    <QtMoc Include="Source\CMOSCamera\MakoWrapper.h">
      <Filter>Header Files</Filter>
    </QtMoc>
    <QtMoc Include="Source\CMOSCamera\MakoCamera.h">
      <Filter>Header Files</Filter>
    </QtMoc>
    <QtMoc Include="Source\CMOSCamera\MakoCameraCore.h">
      <Filter>Header Files</Filter>
    </QtMoc>
    <QtMoc Include="Source\PrimaryWindows\QtAnalysisWindow.h">
      <Filter>Header Files</Filter>
    </QtMoc>
    <QtMoc Include="Source\RealTimeMOTAnalysis\MOTAnalysisThreadWoker.h">
      <Filter>Header Files</Filter>
    </QtMoc>
    <QtMoc Include="Source\ExperimentMonitoringAndStatus\ExperimentSeqPlotter.h">
      <Filter>Header Files</Filter>
    </QtMoc>
    <QtMoc Include="Source\ExperimentMonitoringAndStatus\TemperatureMonitor.h">
      <Filter>Header Files</Filter>
    </QtMoc>
    <QtMoc Include="Source\ExperimentMonitoringAndStatus\AlertSystem.h">
      <Filter>Header Files</Filter>
    </QtMoc>
    <QtMoc Include="Source\Andor\AndorCameraSettingsControl.h">
      <Filter>Header Files</Filter>
    </QtMoc>
    <QtMoc Include="Source\Andor\PictureSettingsControl.h">
      <Filter>Header Files</Filter>
    </QtMoc>
    <QtMoc Include="Source\GeneralImaging\PictureStats.h">
      <Filter>Header Files</Filter>
    </QtMoc>
    <QtMoc Include="Source\ExperimentMonitoringAndStatus\ExperimentTimer.h">
      <Filter>Header Files</Filter>
    </QtMoc>
    <QtMoc Include="Source\Andor\CameraImageDimensions.h">
      <Filter>Header Files</Filter>
    </QtMoc>
    <QtMoc Include="Source\Andor\CameraCalibration.h">
      <Filter>Header Files</Filter>
    </QtMoc>
    <QtMoc Include="Source\GeneralImaging\PictureManager.h">
      <Filter>Header Files</Filter>
    </QtMoc>
    <QtMoc Include="Source\CMOSCamera\FrameAverager.h">
      <Filter>Header Files</Filter>
    </QtMoc>
    <QtMoc Include="Source\AnalogOutput\AoSystem.h">
      <Filter>Header Files</Filter>
    </QtMoc>
    <QtMoc Include="Source\DirectDigitalSynthesis\DdsSystem.h">
      <Filter>Header Files</Filter>
    </QtMoc>
    <QtMoc Include="Source\OffsetLock\OlSystem.h">
      <Filter>Header Files</Filter>
    </QtMoc>
    <QtMoc Include="Source\ExperimentMonitoringAndStatus\StatusOptionsWindow.h">
      <Filter>Header Files</Filter>
    </QtMoc>
    <QtMoc Include="Source\ExcessDialogs\AiSettingsDialog.h">
      <Filter>Header Files</Filter>
    </QtMoc>
    <QtMoc Include="Source\Andor\AndorCameraThreadImageGrabber.h">
      <Filter>Header Files</Filter>
    </QtMoc>
    <QtMoc Include="Source\ExternalController\TCPServerSystem.h">
      <Filter>Header Files</Filter>
    </QtMoc>
    <QtMoc Include="Source\ExternalController\MessageConsumer.h">
      <Filter>Header Files</Filter>
    </QtMoc>
    <QtMoc Include="Source\ExternalController\MessageDisplay.h">
      <Filter>Header Files</Filter>
    </QtMoc>
    <QtMoc Include="Source\ExternalController\CommandModulator.h">
      <Filter>Header Files</Filter>
    </QtMoc>
    <QtMoc Include="Source\StaticAnalogOutput\StaticAoSystem.h">
      <Filter>Header Files</Filter>
    </QtMoc>
    <QtMoc Include="Source\StaticDirectDigitalSynthesis\StaticDdsSystem.h">
      <Filter>Header Files</Filter>
    </QtMoc>
  </ItemGroup>
  <ItemGroup>
    <ClInclude Include="Source\AnalogInput\AiSettings.h">
      <Filter>Header Files</Filter>
    </ClInclude>
    <ClInclude Include="Source\AnalogInput\AiSystem.h">
      <Filter>Header Files</Filter>
    </ClInclude>
    <ClInclude Include="Source\AnalogInput\AiUnits.h">
      <Filter>Header Files</Filter>
    </ClInclude>
    <ClInclude Include="Source\AnalogInput\CalibrationManager.h">
      <Filter>Header Files</Filter>
    </ClInclude>
    <ClInclude Include="Source\AnalogInput\PhotodetectorCalibration.h">
      <Filter>Header Files</Filter>
    </ClInclude>
    <ClInclude Include="Source\AnalogInput\servoInfo.h">
      <Filter>Header Files</Filter>
    </ClInclude>
    <ClInclude Include="Source\AnalogOutput\AnalogOutput.h">
      <Filter>Header Files</Filter>
    </ClInclude>
    <ClInclude Include="Source\AnalogOutput\AoCore.h">
      <Filter>Header Files</Filter>
    </ClInclude>
    <ClInclude Include="Source\AnalogOutput\AoStructures.h">
      <Filter>Header Files</Filter>
    </ClInclude>
    <ClInclude Include="Source\Andor\AndorCameraCore.h">
      <Filter>Header Files</Filter>
    </ClInclude>
    <ClInclude Include="Source\Andor\AndorFlume.h">
      <Filter>Header Files</Filter>
    </ClInclude>
    <ClInclude Include="Source\Andor\andorPicSettingsGroup.h">
      <Filter>Header Files</Filter>
    </ClInclude>
    <ClInclude Include="Source\Andor\AndorRunMode.h">
      <Filter>Header Files</Filter>
    </ClInclude>
    <ClInclude Include="Source\Andor\AndorRunSettings.h">
      <Filter>Header Files</Filter>
    </ClInclude>
    <ClInclude Include="Source\Andor\AndorTemperatureStatus.h">
      <Filter>Header Files</Filter>
    </ClInclude>
    <ClInclude Include="Source\Andor\AndorTriggerModes.h">
      <Filter>Header Files</Filter>
    </ClInclude>
    <ClInclude Include="Source\Andor\cameraThreadInput.h">
      <Filter>Header Files</Filter>
    </ClInclude>
    <ClInclude Include="Source\ArbGen\AgilentCore.h">
      <Filter>Header Files</Filter>
    </ClInclude>
    <ClInclude Include="Source\ArbGen\ArbGenChannelMode.h">
      <Filter>Header Files</Filter>
    </ClInclude>
    <ClInclude Include="Source\ArbGen\ArbGenCore.h">
      <Filter>Header Files</Filter>
    </ClInclude>
    <ClInclude Include="Source\ArbGen\ArbGenSettings.h">
      <Filter>Header Files</Filter>
    </ClInclude>
    <ClInclude Include="Source\ArbGen\ArbGenStructures.h">
      <Filter>Header Files</Filter>
    </ClInclude>
    <ClInclude Include="Source\ArbGen\ArbGenSystem.h">
      <Filter>Header Files</Filter>
    </ClInclude>
    <ClInclude Include="Source\ArbGen\ScriptedArbGenWaveform.h">
      <Filter>Header Files</Filter>
    </ClInclude>
    <ClInclude Include="Source\ArbGen\Segment.h">
      <Filter>Header Files</Filter>
    </ClInclude>
    <ClInclude Include="Source\ArbGen\SegmentEnd.h">
      <Filter>Header Files</Filter>
    </ClInclude>
    <ClInclude Include="Source\ArbGen\segmentStructs.h">
      <Filter>Header Files</Filter>
    </ClInclude>
    <ClInclude Include="Source\ArbGen\SiglentCore.h">
      <Filter>Header Files</Filter>
    </ClInclude>
    <ClInclude Include="Source\ArbGen\whichAg.h">
      <Filter>Header Files</Filter>
    </ClInclude>
    <ClInclude Include="Source\ConfigurationSystems\ConfigStream.h">
      <Filter>Header Files</Filter>
    </ClInclude>
    <ClInclude Include="Source\ConfigurationSystems\MasterConfiguration.h">
      <Filter>Header Files</Filter>
    </ClInclude>
    <ClInclude Include="Source\ConfigurationSystems\profileSettings.h">
      <Filter>Header Files</Filter>
    </ClInclude>
    <ClInclude Include="Source\ConfigurationSystems\Version.h">
      <Filter>Header Files</Filter>
    </ClInclude>
    <ClInclude Include="Source\CustomQtControls\AutoNotifyCtrls.h">
      <Filter>Header Files</Filter>
    </ClInclude>
    <ClInclude Include="Source\CustomQtControls\functionCombo.h">
      <Filter>Header Files</Filter>
    </ClInclude>
    <ClInclude Include="Source\CustomQtControls\LongQSlider.h">
      <Filter>Header Files</Filter>
    </ClInclude>
    <ClInclude Include="Source\DataLogging\DataLogger.h">
      <Filter>Header Files</Filter>
    </ClInclude>
    <ClInclude Include="Source\DigitalOutput\DigitalOutput.h">
      <Filter>Header Files</Filter>
    </ClInclude>
    <ClInclude Include="Source\DigitalOutput\DoCore.h">
      <Filter>Header Files</Filter>
    </ClInclude>
    <ClInclude Include="Source\DigitalOutput\DoStructures.h">
      <Filter>Header Files</Filter>
    </ClInclude>
    <ClInclude Include="Source\DirectDigitalSynthesis\DdsCore.h">
      <Filter>Header Files</Filter>
    </ClInclude>
    <ClInclude Include="Source\DirectDigitalSynthesis\DdsOutput.h">
      <Filter>Header Files</Filter>
    </ClInclude>
    <ClInclude Include="Source\DirectDigitalSynthesis\DdsSystemStructures.h">
      <Filter>Header Files</Filter>
    </ClInclude>
    <ClInclude Include="Source\ExcessDialogs\openWithExplorer.h">
      <Filter>Header Files</Filter>
    </ClInclude>
    <ClInclude Include="Source\ExcessDialogs\saveWithExplorer.h">
      <Filter>Header Files</Filter>
    </ClInclude>
    <ClInclude Include="Source\ExperimentMonitoringAndStatus\StatusIndicator.h">
      <Filter>Header Files</Filter>
    </ClInclude>
    <ClInclude Include="Source\ExperimentMonitoringAndStatus\statusMsg.h">
      <Filter>Header Files</Filter>
    </ClInclude>
    <ClInclude Include="Source\ExperimentThread\AllExperimentInput.h">
      <Filter>Header Files</Filter>
    </ClInclude>
    <ClInclude Include="Source\ExperimentThread\autoCalConfigInfo.h">
      <Filter>Header Files</Filter>
    </ClInclude>
    <ClInclude Include="Source\ExperimentThread\DeviceList.h">
      <Filter>Header Files</Filter>
    </ClInclude>
    <ClInclude Include="Source\ExperimentThread\ExperimentThreadInput.h">
      <Filter>Header Files</Filter>
    </ClInclude>
    <ClInclude Include="Source\ExperimentThread\ExperimentType.h">
      <Filter>Header Files</Filter>
    </ClInclude>
    <ClInclude Include="Source\ExperimentThread\expSystemRunList.h">
      <Filter>Header Files</Filter>
    </ClInclude>
    <ClInclude Include="Source\GeneralFlumes\ftdiFlume.h">
      <Filter>Header Files</Filter>
    </ClInclude>
    <ClInclude Include="Source\GeneralFlumes\ftdiStructures.h">
      <Filter>Header Files</Filter>
    </ClInclude>
    <ClInclude Include="Source\GeneralFlumes\QtSerialFlume.h">
      <Filter>Header Files</Filter>
    </ClInclude>
    <ClInclude Include="Source\GeneralFlumes\VisaFlume.h">
      <Filter>Header Files</Filter>
    </ClInclude>
    <ClInclude Include="Source\GeneralImaging\imageParameters.h">
      <Filter>Header Files</Filter>
    </ClInclude>
    <ClInclude Include="Source\GeneralImaging\softwareAccumulationOption.h">
      <Filter>Header Files</Filter>
    </ClInclude>
    <ClInclude Include="Source\GeneralObjects\ChimeraStyleSheets.h">
      <Filter>Header Files</Filter>
    </ClInclude>
    <ClInclude Include="Source\GeneralObjects\CodeTimer.h">
      <Filter>Header Files</Filter>
    </ClInclude>
    <ClInclude Include="Source\GeneralObjects\commonTypes.h">
      <Filter>Header Files</Filter>
    </ClInclude>
    <ClInclude Include="Source\GeneralObjects\coordinate.h">
      <Filter>Header Files</Filter>
    </ClInclude>
    <ClInclude Include="Source\GeneralObjects\ExpWrap.h">
      <Filter>Header Files</Filter>
    </ClInclude>
    <ClInclude Include="Source\GeneralObjects\IDeviceCore.h">
      <Filter>Header Files</Filter>
    </ClInclude>
    <ClInclude Include="Source\GeneralObjects\Matrix.h">
      <Filter>Header Files</Filter>
    </ClInclude>
    <ClInclude Include="Source\GeneralObjects\multiDimensionalKey.h">
      <Filter>Header Files</Filter>
    </ClInclude>
    <ClInclude Include="Source\GeneralObjects\Queues.h">
      <Filter>Header Files</Filter>
    </ClInclude>
    <ClInclude Include="Source\GeneralObjects\RunInfo.h">
      <Filter>Header Files</Filter>
    </ClInclude>
    <ClInclude Include="Source\GeneralUtilityFunctions\cleanString.h">
      <Filter>Header Files</Filter>
    </ClInclude>
    <ClInclude Include="Source\GeneralUtilityFunctions\commonFunctions.h">
      <Filter>Header Files</Filter>
    </ClInclude>
    <ClInclude Include="Source\GeneralUtilityFunctions\miscCommonFunctions.h">
      <Filter>Header Files</Filter>
    </ClInclude>
    <ClInclude Include="Source\GeneralUtilityFunctions\my_str.h">
      <Filter>Header Files</Filter>
    </ClInclude>
    <ClInclude Include="Source\GeneralUtilityFunctions\range.h">
      <Filter>Header Files</Filter>
    </ClInclude>
    <ClInclude Include="Source\GeneralUtilityFunctions\Thrower.h">
      <Filter>Header Files</Filter>
    </ClInclude>
    <ClInclude Include="Source\LowLevel\constants.h">
      <Filter>Header Files</Filter>
    </ClInclude>
    <ClInclude Include="Source\LowLevel\resource.h">
      <Filter>Header Files</Filter>
    </ClInclude>
    <ClInclude Include="Source\LowLevel\targetver.h">
      <Filter>Header Files</Filter>
    </ClInclude>
    <ClInclude Include="Source\MiscellaneousExperimentOptions\debugInfo.h">
      <Filter>Header Files</Filter>
    </ClInclude>
    <ClInclude Include="Source\OffsetLock\OffsetLockOutput.h">
      <Filter>Header Files</Filter>
    </ClInclude>
    <ClInclude Include="Source\OffsetLock\OlCore.h">
      <Filter>Header Files</Filter>
    </ClInclude>
    <ClInclude Include="Source\OffsetLock\OlStructure.h">
      <Filter>Header Files</Filter>
    </ClInclude>
    <ClInclude Include="Source\ParameterSystem\Expression.h">
      <Filter>Header Files</Filter>
    </ClInclude>
    <ClInclude Include="Source\ParameterSystem\ParameterSystemStructures.h">
      <Filter>Header Files</Filter>
    </ClInclude>
    <ClInclude Include="Source\Plotting\dataPoint.h">
      <Filter>Header Files</Filter>
    </ClInclude>
    <ClInclude Include="Source\Plotting\PlotDataSet.h">
      <Filter>Header Files</Filter>
    </ClInclude>
    <ClInclude Include="Source\Plotting\PlottingInfo.h">
      <Filter>Header Files</Filter>
    </ClInclude>
    <ClInclude Include="Source\Plotting\tinyPlotInfo.h">
      <Filter>Header Files</Filter>
    </ClInclude>
    <ClInclude Include="Source\Python\NewPythonHandler.h">
      <Filter>Header Files</Filter>
    </ClInclude>
    <ClInclude Include="Source\RealTimeDataAnalysis\analysisSettings.h">
      <Filter>Header Files</Filter>
    </ClInclude>
    <ClInclude Include="Source\Rearrangement\atomCruncherInput.h">
      <Filter>Header Files</Filter>
    </ClInclude>
    <ClInclude Include="Source\RealTimeDataAnalysis\atomGrid.h">
      <Filter>Header Files</Filter>
    </ClInclude>
    <ClInclude Include="Source\RealTimeDataAnalysis\DataAnalysisControl.h">
      <Filter>Header Files</Filter>
    </ClInclude>
    <ClInclude Include="Source\RealTimeDataAnalysis\PlotDesignerDialog.h">
      <Filter>Header Files</Filter>
    </ClInclude>
    <ClInclude Include="Source\RealTimeDataAnalysis\realTimePlotterInput.h">
      <Filter>Header Files</Filter>
    </ClInclude>
    <ClInclude Include="Source\Scripts\ScriptableDevices.h">
      <Filter>Header Files</Filter>
    </ClInclude>
    <ClInclude Include="Source\Scripts\ScriptStream.h">
      <Filter>Header Files</Filter>
    </ClInclude>
    <ClInclude Include="Source\ZynqTCP\ZynqTCP.h">
      <Filter>Header Files</Filter>
    </ClInclude>
    <ClInclude Include="Source\stdafx.h">
      <Filter>Header Files</Filter>
    </ClInclude>
    <ClInclude Include="Source\AnalogInput\calInfo.h">
      <Filter>Header Files</Filter>
    </ClInclude>
    <ClInclude Include="Source\GeneralFlumes\QtSocketFlume.h">
      <Filter>Header Files</Filter>
    </ClInclude>
    <ClInclude Include="Source\AnalogInput\AiCore.h">
      <Filter>Header Files</Filter>
    </ClInclude>
    <ClInclude Include="Source\GeneralFlumes\WinSockFlume.h">
      <Filter>Header Files</Filter>
    </ClInclude>
    <ClInclude Include="Source\AnalogInput\PolynomialFit.h">
      <Filter>Header Files</Filter>
    </ClInclude>
    <ClInclude Include="Source\AnalogInput\BSplineFit.h">
      <Filter>Header Files</Filter>
    </ClInclude>
    <ClInclude Include="Source\GeneralImaging\csvReader.h">
      <Filter>Header Files</Filter>
    </ClInclude>
    <ClInclude Include="Source\CMOSCamera\CMOSSetting.h">
      <Filter>Header Files</Filter>
    </ClInclude>
    <ClInclude Include="Source\CMOSCamera\GaussianFit.h">
      <Filter>Header Files</Filter>
    </ClInclude>
    <ClInclude Include="Source\CMOSCamera\Helper.h">
      <Filter>Header Files</Filter>
    </ClInclude>
    <ClInclude Include="Source\CMOSCamera\ImageProcessingThread.h">
      <Filter>Header Files</Filter>
    </ClInclude>
    <ClInclude Include="Source\RealTimeMOTAnalysis\MOTAnalysisControl.h">
      <Filter>Header Files</Filter>
    </ClInclude>
    <ClInclude Include="Source\RealTimeMOTAnalysis\MOTThreadInput.h">
      <Filter>Header Files</Filter>
    </ClInclude>
    <ClInclude Include="Source\RealTimeMOTAnalysis\MOTAnalysisType.h">
      <Filter>Header Files</Filter>
    </ClInclude>
    <ClInclude Include="Source\RealTimeMOTAnalysis\MOTAnalysisSystem.h">
      <Filter>Header Files</Filter>
    </ClInclude>
    <ClInclude Include="Source\GigaMOOG\GigaMoogSystem.h">
      <Filter>Header Files</Filter>
    </ClInclude>
    <ClInclude Include="Source\GeneralFlumes\BoostAsyncSerial.h">
      <Filter>Header Files</Filter>
    </ClInclude>
    <ClInclude Include="Source\GigaMOOG\MessagePrinter.h">
      <Filter>Header Files</Filter>
    </ClInclude>
    <ClInclude Include="Source\GigaMOOG\MessageSender.h">
      <Filter>Header Files</Filter>
    </ClInclude>
    <ClInclude Include="Source\GigaMOOG\Messagetypes.h">
      <Filter>Header Files</Filter>
    </ClInclude>
    <ClInclude Include="Source\GigaMOOG\GigaMoogCore.h">
      <Filter>Header Files</Filter>
    </ClInclude>
    <ClInclude Include="Source\ExperimentMonitoringAndStatus\StatusControlOptions.h">
      <Filter>Header Files</Filter>
    </ClInclude>
    <ClInclude Include="Source\Andor\AndorGainMode.h">
      <Filter>Header Files</Filter>
    </ClInclude>
    <ClInclude Include="Source\Andor\AndorBinningMode.h">
      <Filter>Header Files</Filter>
    </ClInclude>
    <ClInclude Include="Source\AnalogInput\AiOutput.h">
      <Filter>Header Files</Filter>
    </ClInclude>
    <ClInclude Include="Source\ExperimentThread\ExpRuntimeData.h">
      <Filter>Header Files</Filter>
    </ClInclude>
    <ClInclude Include="Source\Plotting\PlotInfo.h">
      <Filter>Header Files</Filter>
    </ClInclude>
    <ClInclude Include="Source\MiscellaneousExperimentOptions\InExpCalControl.h">
      <Filter>Header Files</Filter>
    </ClInclude>
    <ClInclude Include="Source\ExperimentMonitoringAndStatus\InfluxTypes.h">
      <Filter>Header Files</Filter>
    </ClInclude>
    <ClInclude Include="Source\GeneralObjects\TreeItem.h">
      <Filter>Header Files</Filter>
    </ClInclude>
    <ClInclude Include="Source\ExperimentThread\repeatManager.h">
      <Filter>Header Files</Filter>
    </ClInclude>
    <ClInclude Include="Source\Microwave\MicrowaveCore.h">
      <Filter>Header Files</Filter>
    </ClInclude>
    <ClInclude Include="Source\Microwave\microwaveSettings.h">
      <Filter>Header Files</Filter>
    </ClInclude>
    <ClInclude Include="Source\Microwave\MicrowaveSystem.h">
      <Filter>Header Files</Filter>
    </ClInclude>
    <ClInclude Include="Source\Microwave\WindFreakFlume.h">
      <Filter>Header Files</Filter>
    </ClInclude>
    <ClInclude Include="Source\GeneralFlumes\WinSerialFlume.h">
      <Filter>Header Files</Filter>
    </ClInclude>
    <ClInclude Include="Source\PicoScrew\PicoScrewSystem.h">
      <Filter>Header Files</Filter>
    </ClInclude>
    <ClInclude Include="Source\PicoScrew\PicoScrewCore.h">
      <Filter>Header Files</Filter>
    </ClInclude>
    <ClInclude Include="Source\PicoScrew\PicoScrewFlume.h">
      <Filter>Header Files</Filter>
    </ClInclude>
    <ClInclude Include="Source\GeneralFlumes\BoostUDP.h">
      <Filter>Header Files</Filter>
    </ClInclude>
    <ClInclude Include="Source\Python\cnpy.h">
      <Filter>Header Files</Filter>
    </ClInclude>
    <ClInclude Include="Source\Rearrangement\rearrangeStructures.h">
      <Filter>Header Files</Filter>
    </ClInclude>
    <ClInclude Include="Source\GeneralObjects\ThreadsafeQueue.h">
      <Filter>Header Files</Filter>
    </ClInclude>
    <ClInclude Include="Source\GigaMOOG\DynamicMoveManager.h">
      <Filter>Header Files</Filter>
    </ClInclude>
    <ClInclude Include="Source\Rearrangement\rearrangeLUT.h">
      <Filter>Header Files</Filter>
    </ClInclude>
    <ClInclude Include="Source\GigaMOOG\MemoryController.h">
      <Filter>Header Files</Filter>
    </ClInclude>
    <ClInclude Include="Source\Rearrangement\rearrangeParameters.h">
      <Filter>Header Files</Filter>
    </ClInclude>
    <ClInclude Include="Source\Rearrangement\RearrangeGenerator.h">
      <Filter>Header Files</Filter>
    </ClInclude>
    <ClInclude Include="Source\PicoScrew\NewportUSB.h">
      <Filter>Header Files</Filter>
    </ClInclude>
    <ClInclude Include="Source\GeneralFlumes\BoostAsyncTCPServer.h">
      <Filter>Header Files</Filter>
    </ClInclude>
    <ClInclude Include="Source\StaticAnalogOutput\StaticAoCore.h">
      <Filter>Header Files</Filter>
    </ClInclude>
    <ClInclude Include="Source\GeneralFlumes\BoostSyncTCP.h">
      <Filter>Header Files</Filter>
    </ClInclude>
    <ClInclude Include="Source\StaticAnalogOutput\StaticAoStructures.h">
      <Filter>Header Files</Filter>
    </ClInclude>
    <ClInclude Include="Source\GeneralFlumes\BoostSyncUDP.h">
      <Filter>Header Files</Filter>
    </ClInclude>
    <ClInclude Include="Source\StaticDirectDigitalSynthesis\StaticDdsStructures.h">
      <Filter>Header Files</Filter>
    </ClInclude>
    <ClInclude Include="Source\StaticDirectDigitalSynthesis\StaticDdsCore.h">
      <Filter>Header Files</Filter>
    </ClInclude>
    <ClInclude Include="Source\GeneralFlumes\BoostSyncSerial.h">
      <Filter>Header Files</Filter>
    </ClInclude>
    <ClInclude Include="Source\StaticDirectDigitalSynthesis\StaticDDSFlume.h">
      <Filter>Header Files</Filter>
    </ClInclude>
  </ItemGroup>
  <ItemGroup>
    <QtUic Include="Source\ExperimentMonitoringAndStatus\StatusControlOptionDlg.ui">
      <Filter>Form Files</Filter>
    </QtUic>
  </ItemGroup>
</Project>